
Microsoft Visual Studio Solution File, Format Version 12.00
# Visual Studio 15
Project("{FAE04EC0-301F-11D3-BF4B-00C04F79EFBC}") = "UnityEngine.UI", "UnityEngine.UI.csproj", "{95C2A233-12A0-14A2-E052-3386AA52A918}"
EndProject
Project("{FAE04EC0-301F-11D3-BF4B-00C04F79EFBC}") = "Assembly-CSharp", "Assembly-CSharp.csproj", "{B783ACFF-AE3C-C735-0082-6A34495C2E47}"
EndProject
Project("{FAE04EC0-301F-11D3-BF4B-00C04F79EFBC}") = "UnityEditor.UI", "UnityEditor.UI.csproj", "{5526A04A-9C5A-E7F9-A89B-E5205FB6FC5C}"
EndProject
Project("{FAE04EC0-301F-11D3-BF4B-00C04F79EFBC}") = "Unity.2D.Sprite.Editor", "Unity.2D.Sprite.Editor.csproj", "{CB6C194C-9DF4-0C7C-924D-0B7F23756B5F}"
EndProject
Project("{FAE04EC0-301F-11D3-BF4B-00C04F79EFBC}") = "UnityEngine.UI", "UnityEngine.UI.Player.csproj", "{82FD7659-07F2-D451-CEDC-F87C60324446}"
EndProject
Project("{FAE04EC0-301F-11D3-BF4B-00C04F79EFBC}") = "Assembly-CSharp", "Assembly-CSharp.Player.csproj", "{FC7EAA60-918E-6A17-CE07-4F48E485E464}"
EndProject
Global
	GlobalSection(SolutionConfigurationPlatforms) = preSolution
		Debug|Any CPU = Debug|Any CPU
		Release|Any CPU = Release|Any CPU
	EndGlobalSection
	GlobalSection(ProjectConfigurationPlatforms) = postSolution
		{95C2A233-12A0-14A2-E052-3386AA52A918}.Debug|Any CPU.ActiveCfg = Debug|Any CPU
		{95C2A233-12A0-14A2-E052-3386AA52A918}.Debug|Any CPU.Build.0 = Debug|Any CPU
		{95C2A233-12A0-14A2-E052-3386AA52A918}.Release|Any CPU.ActiveCfg = Release|Any CPU
		{95C2A233-12A0-14A2-E052-3386AA52A918}.Release|Any CPU.Build.0 = Release|Any CPU
		{B783ACFF-AE3C-C735-0082-6A34495C2E47}.Debug|Any CPU.ActiveCfg = Debug|Any CPU
		{B783ACFF-AE3C-C735-0082-6A34495C2E47}.Debug|Any CPU.Build.0 = Debug|Any CPU
		{B783ACFF-AE3C-C735-0082-6A34495C2E47}.Release|Any CPU.ActiveCfg = Release|Any CPU
		{B783ACFF-AE3C-C735-0082-6A34495C2E47}.Release|Any CPU.Build.0 = Release|Any CPU
		{5526A04A-9C5A-E7F9-A89B-E5205FB6FC5C}.Debug|Any CPU.ActiveCfg = Debug|Any CPU
		{5526A04A-9C5A-E7F9-A89B-E5205FB6FC5C}.Debug|Any CPU.Build.0 = Debug|Any CPU
		{5526A04A-9C5A-E7F9-A89B-E5205FB6FC5C}.Release|Any CPU.ActiveCfg = Release|Any CPU
		{5526A04A-9C5A-E7F9-A89B-E5205FB6FC5C}.Release|Any CPU.Build.0 = Release|Any CPU
		{CB6C194C-9DF4-0C7C-924D-0B7F23756B5F}.Debug|Any CPU.ActiveCfg = Debug|Any CPU
		{CB6C194C-9DF4-0C7C-924D-0B7F23756B5F}.Debug|Any CPU.Build.0 = Debug|Any CPU
		{CB6C194C-9DF4-0C7C-924D-0B7F23756B5F}.Release|Any CPU.ActiveCfg = Release|Any CPU
		{CB6C194C-9DF4-0C7C-924D-0B7F23756B5F}.Release|Any CPU.Build.0 = Release|Any CPU
		{82FD7659-07F2-D451-CEDC-F87C60324446}.Debug|Any CPU.ActiveCfg = Debug|Any CPU
		{82FD7659-07F2-D451-CEDC-F87C60324446}.Debug|Any CPU.Build.0 = Debug|Any CPU
		{82FD7659-07F2-D451-CEDC-F87C60324446}.Release|Any CPU.ActiveCfg = Release|Any CPU
		{82FD7659-07F2-D451-CEDC-F87C60324446}.Release|Any CPU.Build.0 = Release|Any CPU
		{FC7EAA60-918E-6A17-CE07-4F48E485E464}.Debug|Any CPU.ActiveCfg = Debug|Any CPU
		{FC7EAA60-918E-6A17-CE07-4F48E485E464}.Debug|Any CPU.Build.0 = Debug|Any CPU
		{FC7EAA60-918E-6A17-CE07-4F48E485E464}.Release|Any CPU.ActiveCfg = Release|Any CPU
		{FC7EAA60-918E-6A17-CE07-4F48E485E464}.Release|Any CPU.Build.0 = Release|Any CPU
	EndGlobalSection
	GlobalSection(SolutionProperties) = preSolution
		HideSolutionNode = FALSE
	EndGlobalSection
EndGlobal
